{
  "name": "node-serve-1",
  "version": "1.0.0",
  "lockfileVersion": 2,
  "requires": true,
  "packages": {
    "": {
      "name": "node-serve-1",
      "version": "1.0.0",
      "license": "MIT",
      "devDependencies": {
        "@types/node": "^18.7.0"
      }
    },
    "node_modules/@types/node": {
      "version": "18.7.12",
      "resolved": "https://registry.npmmirror.com/@types/node/-/node-18.7.12.tgz",
      "integrity": "sha512-caqFX7GwvZ4KLnhpI9CfiMkgHKp6kvFAIgpkha0cjO7bAQvB6dWe+q3fTHmm7fQvv59pd4tPj77nriq2M6U2dw==",
      "dev": true
    }
  },
  "dependencies": {
    "@types/node": {
      "version": "18.7.12",
      "resolved": "https://registry.npmmirror.com/@types/node/-/node-18.7.12.tgz",
      "integrity": "sha512-caqFX7GwvZ4KLnhpI9CfiMkgHKp6kvFAIgpkha0cjO7bAQvB6dWe+q3fTHmm7fQvv59pd4tPj77nriq2M6U2dw==",
      "dev": true
    }
  }
}
