# THIS IS AN AUTOGENERATED FILE. DO NOT EDIT THIS FILE DIRECTLY.
# yarn lockfile v1


"@types/node@^18.7.0":
  "integrity" "sha512-caqFX7GwvZ4KLnhpI9CfiMkgHKp6kvFAIgpkha0cjO7bAQvB6dWe+q3fTHmm7fQvv59pd4tPj77nriq2M6U2dw=="
  "resolved" "https://registry.npmmirror.com/@types/node/-/node-18.7.12.tgz"
  "version" "18.7.12"
